
Microsoft Visual Studio Solution File, Format Version 12.00
# Visual Studio Version 16
VisualStudioVersion = 16.0.32929.386
MinimumVisualStudioVersion = 10.0.40219.1
Project("{8BC9CEB8-8B4A-11D0-8D11-00A0C91BC942}") = "Exercise3", "Exercise3\Exercise3.vcxproj", "{3F859926-FDBB-4790-8AE8-BB1C48D966BD}"
EndProject
Project("{8BC9CEB8-8B4A-11D0-8D11-00A0C91BC942}") = "Exercise1", "Exercise1\Exercise1.vcxproj", "{40051566-D99C-49BE-8504-380FD516E8A4}"
EndProject
Project("{8BC9CEB8-8B4A-11D0-8D11-00A0C91BC942}") = "Exercise2", "Exercise2\Exercise2.vcxproj", "{D7521C9D-7C34-4C7B-AD7B-0F9457335977}"
EndProject
Project("{8BC9CEB8-8B4A-11D0-8D11-00A0C91BC942}") = "Exercise4", "Exercise4\Exercise4.vcxproj", "{97B936DA-514C-4B93-8C56-D4EC3A08E0F6}"
EndProject
Project("{8BC9CEB8-8B4A-11D0-8D11-00A0C91BC942}") = "Exercise5", "Exercise5\Exercise5.vcxproj", "{3BC297EC-AFDF-44F4-9181-062C2022BD50}"
EndProject
Global
	GlobalSection(SolutionConfigurationPlatforms) = preSolution
		Debug|x64 = Debug|x64
		Debug|x86 = Debug|x86
		Release|x64 = Release|x64
		Release|x86 = Release|x86
	EndGlobalSection
	GlobalSection(ProjectConfigurationPlatforms) = postSolution
		{3F859926-FDBB-4790-8AE8-BB1C48D966BD}.Debug|x64.ActiveCfg = Debug|x64
		{3F859926-FDBB-4790-8AE8-BB1C48D966BD}.Debug|x64.Build.0 = Debug|x64
		{3F859926-FDBB-4790-8AE8-BB1C48D966BD}.Debug|x86.ActiveCfg = Debug|Win32
		{3F859926-FDBB-4790-8AE8-BB1C48D966BD}.Debug|x86.Build.0 = Debug|Win32
		{3F859926-FDBB-4790-8AE8-BB1C48D966BD}.Release|x64.ActiveCfg = Release|x64
		{3F859926-FDBB-4790-8AE8-BB1C48D966BD}.Release|x64.Build.0 = Release|x64
		{3F859926-FDBB-4790-8AE8-BB1C48D966BD}.Release|x86.ActiveCfg = Release|Win32
		{3F859926-FDBB-4790-8AE8-BB1C48D966BD}.Release|x86.Build.0 = Release|Win32
		{40051566-D99C-49BE-8504-380FD516E8A4}.Debug|x64.ActiveCfg = Debug|x64
		{40051566-D99C-49BE-8504-380FD516E8A4}.Debug|x64.Build.0 = Debug|x64
		{40051566-D99C-49BE-8504-380FD516E8A4}.Debug|x86.ActiveCfg = Debug|Win32
		{40051566-D99C-49BE-8504-380FD516E8A4}.Debug|x86.Build.0 = Debug|Win32
		{40051566-D99C-49BE-8504-380FD516E8A4}.Release|x64.ActiveCfg = Release|x64
		{40051566-D99C-49BE-8504-380FD516E8A4}.Release|x64.Build.0 = Release|x64
		{40051566-D99C-49BE-8504-380FD516E8A4}.Release|x86.ActiveCfg = Release|Win32
		{40051566-D99C-49BE-8504-380FD516E8A4}.Release|x86.Build.0 = Release|Win32
		{D7521C9D-7C34-4C7B-AD7B-0F9457335977}.Debug|x64.ActiveCfg = Debug|x64
		{D7521C9D-7C34-4C7B-AD7B-0F9457335977}.Debug|x64.Build.0 = Debug|x64
		{D7521C9D-7C34-4C7B-AD7B-0F9457335977}.Debug|x86.ActiveCfg = Debug|Win32
		{D7521C9D-7C34-4C7B-AD7B-0F9457335977}.Debug|x86.Build.0 = Debug|Win32
		{D7521C9D-7C34-4C7B-AD7B-0F9457335977}.Release|x64.ActiveCfg = Release|x64
		{D7521C9D-7C34-4C7B-AD7B-0F9457335977}.Release|x64.Build.0 = Release|x64
		{D7521C9D-7C34-4C7B-AD7B-0F9457335977}.Release|x86.ActiveCfg = Release|Win32
		{D7521C9D-7C34-4C7B-AD7B-0F9457335977}.Release|x86.Build.0 = Release|Win32
		{97B936DA-514C-4B93-8C56-D4EC3A08E0F6}.Debug|x64.ActiveCfg = Debug|x64
		{97B936DA-514C-4B93-8C56-D4EC3A08E0F6}.Debug|x64.Build.0 = Debug|x64
		{97B936DA-514C-4B93-8C56-D4EC3A08E0F6}.Debug|x86.ActiveCfg = Debug|Win32
		{97B936DA-514C-4B93-8C56-D4EC3A08E0F6}.Debug|x86.Build.0 = Debug|Win32
		{97B936DA-514C-4B93-8C56-D4EC3A08E0F6}.Release|x64.ActiveCfg = Release|x64
		{97B936DA-514C-4B93-8C56-D4EC3A08E0F6}.Release|x64.Build.0 = Release|x64
		{97B936DA-514C-4B93-8C56-D4EC3A08E0F6}.Release|x86.ActiveCfg = Release|Win32
		{97B936DA-514C-4B93-8C56-D4EC3A08E0F6}.Release|x86.Build.0 = Release|Win32
		{3BC297EC-AFDF-44F4-9181-062C2022BD50}.Debug|x64.ActiveCfg = Debug|x64
		{3BC297EC-AFDF-44F4-9181-062C2022BD50}.Debug|x64.Build.0 = Debug|x64
		{3BC297EC-AFDF-44F4-9181-062C2022BD50}.Debug|x86.ActiveCfg = Debug|Win32
		{3BC297EC-AFDF-44F4-9181-062C2022BD50}.Debug|x86.Build.0 = Debug|Win32
		{3BC297EC-AFDF-44F4-9181-062C2022BD50}.Release|x64.ActiveCfg = Release|x64
		{3BC297EC-AFDF-44F4-9181-062C2022BD50}.Release|x64.Build.0 = Release|x64
		{3BC297EC-AFDF-44F4-9181-062C2022BD50}.Release|x86.ActiveCfg = Release|Win32
		{3BC297EC-AFDF-44F4-9181-062C2022BD50}.Release|x86.Build.0 = Release|Win32
	EndGlobalSection
	GlobalSection(SolutionProperties) = preSolution
		HideSolutionNode = FALSE
	EndGlobalSection
	GlobalSection(ExtensibilityGlobals) = postSolution
		SolutionGuid = {488FE9ED-9C2A-47AA-A9F4-A3ACB1489BFB}
	EndGlobalSection
EndGlobal
